
Microsoft Visual Studio Solution File, Format Version 11.00
# Visual Studio 2010
Project("{FAE04EC0-301F-11D3-BF4B-00C04F79EFBC}") = "SoPhuc", "SoPhuc\SoPhuc.csproj", "{EAA8E252-E83F-4CB8-A461-7B3C203CA3C1}"
EndProject
Global
	GlobalSection(SolutionConfigurationPlatforms) = preSolution
		Debug|Any CPU = Debug|Any CPU
		Release|Any CPU = Release|Any CPU
	EndGlobalSection
	GlobalSection(ProjectConfigurationPlatforms) = postSolution
		{EAA8E252-E83F-4CB8-A461-7B3C203CA3C1}.Debug|Any CPU.ActiveCfg = Debug|Any CPU
		{EAA8E252-E83F-4CB8-A461-7B3C203CA3C1}.Debug|Any CPU.Build.0 = Debug|Any CPU
		{EAA8E252-E83F-4CB8-A461-7B3C203CA3C1}.Release|Any CPU.ActiveCfg = Release|Any CPU
		{EAA8E252-E83F-4CB8-A461-7B3C203CA3C1}.Release|Any CPU.Build.0 = Release|Any CPU
	EndGlobalSection
	GlobalSection(SolutionProperties) = preSolution
		HideSolutionNode = FALSE
	EndGlobalSection
EndGlobal
